
Microsoft Visual Studio Solution File, Format Version 12.00
# Visual Studio 15
VisualStudioVersion = 15.0.27703.2035
MinimumVisualStudioVersion = 10.0.40219.1
Project("{FAE04EC0-301F-11D3-BF4B-00C04F79EFBC}") = "PushSample.Test", "PushSample.Test\PushSample.Test.csproj", "{5363AC0B-4848-4ED0-9AA0-F45577D32280}"
EndProject
Project("{9A19103F-16F7-4668-BE54-9A1E7A4F7556}") = "PushSample", "PushSample\PushSample.csproj", "{F94ADF3A-711B-4251-A24B-F77FF24B0010}"
EndProject
Project("{FAE04EC0-301F-11D3-BF4B-00C04F79EFBC}") = "PushSample.Android", "PushSample.Android\PushSample.Android.csproj", "{F994C9C1-5443-49AB-B6FE-8D5AD2DEC15A}"
EndProject
Project("{FAE04EC0-301F-11D3-BF4B-00C04F79EFBC}") = "PushSample.iOS", "PushSample.iOS\PushSample.iOS.csproj", "{29441811-1CBC-4597-9520-C0A8F3C3C2D6}"
EndProject
Project("{FAE04EC0-301F-11D3-BF4B-00C04F79EFBC}") = "PushSample.iOS.Test", "PushSample.iOS.Test\PushSample.iOS.Test.csproj", "{D2CED8F0-7A76-454D-B5F7-9E8B9FE6A58E}"
EndProject
Project("{FAE04EC0-301F-11D3-BF4B-00C04F79EFBC}") = "PushSample.Android.Test", "PushSample.Android.Test\PushSample.Android.Test.csproj", "{AD7B78B0-AE51-4FB7-9B11-4E22A2B538CA}"
EndProject
Global
	GlobalSection(SolutionConfigurationPlatforms) = preSolution
		Ad-Hoc|Any CPU = Ad-Hoc|Any CPU
		Ad-Hoc|ARM = Ad-Hoc|ARM
		Ad-Hoc|iPhone = Ad-Hoc|iPhone
		Ad-Hoc|iPhoneSimulator = Ad-Hoc|iPhoneSimulator
		Ad-Hoc|x64 = Ad-Hoc|x64
		Ad-Hoc|x86 = Ad-Hoc|x86
		AppStore|Any CPU = AppStore|Any CPU
		AppStore|ARM = AppStore|ARM
		AppStore|iPhone = AppStore|iPhone
		AppStore|iPhoneSimulator = AppStore|iPhoneSimulator
		AppStore|x64 = AppStore|x64
		AppStore|x86 = AppStore|x86
		Debug|Any CPU = Debug|Any CPU
		Debug|ARM = Debug|ARM
		Debug|iPhone = Debug|iPhone
		Debug|iPhoneSimulator = Debug|iPhoneSimulator
		Debug|x64 = Debug|x64
		Debug|x86 = Debug|x86
		Release|Any CPU = Release|Any CPU
		Release|ARM = Release|ARM
		Release|iPhone = Release|iPhone
		Release|iPhoneSimulator = Release|iPhoneSimulator
		Release|x64 = Release|x64
		Release|x86 = Release|x86
	EndGlobalSection
	GlobalSection(ProjectConfigurationPlatforms) = postSolution
		{5363AC0B-4848-4ED0-9AA0-F45577D32280}.Ad-Hoc|Any CPU.ActiveCfg = Release|Any CPU
		{5363AC0B-4848-4ED0-9AA0-F45577D32280}.Ad-Hoc|Any CPU.Build.0 = Release|Any CPU
		{5363AC0B-4848-4ED0-9AA0-F45577D32280}.Ad-Hoc|ARM.ActiveCfg = Release|Any CPU
		{5363AC0B-4848-4ED0-9AA0-F45577D32280}.Ad-Hoc|ARM.Build.0 = Release|Any CPU
		{5363AC0B-4848-4ED0-9AA0-F45577D32280}.Ad-Hoc|iPhone.ActiveCfg = Release|Any CPU
		{5363AC0B-4848-4ED0-9AA0-F45577D32280}.Ad-Hoc|iPhone.Build.0 = Release|Any CPU
		{5363AC0B-4848-4ED0-9AA0-F45577D32280}.Ad-Hoc|iPhoneSimulator.ActiveCfg = Release|Any CPU
		{5363AC0B-4848-4ED0-9AA0-F45577D32280}.Ad-Hoc|iPhoneSimulator.Build.0 = Release|Any CPU
		{5363AC0B-4848-4ED0-9AA0-F45577D32280}.Ad-Hoc|x64.ActiveCfg = Release|Any CPU
		{5363AC0B-4848-4ED0-9AA0-F45577D32280}.Ad-Hoc|x64.Build.0 = Release|Any CPU
		{5363AC0B-4848-4ED0-9AA0-F45577D32280}.Ad-Hoc|x86.ActiveCfg = Release|Any CPU
		{5363AC0B-4848-4ED0-9AA0-F45577D32280}.Ad-Hoc|x86.Build.0 = Release|Any CPU
		{5363AC0B-4848-4ED0-9AA0-F45577D32280}.AppStore|Any CPU.ActiveCfg = Release|Any CPU
		{5363AC0B-4848-4ED0-9AA0-F45577D32280}.AppStore|Any CPU.Build.0 = Release|Any CPU
		{5363AC0B-4848-4ED0-9AA0-F45577D32280}.AppStore|ARM.ActiveCfg = Release|Any CPU
		{5363AC0B-4848-4ED0-9AA0-F45577D32280}.AppStore|ARM.Build.0 = Release|Any CPU
		{5363AC0B-4848-4ED0-9AA0-F45577D32280}.AppStore|iPhone.ActiveCfg = Release|Any CPU
		{5363AC0B-4848-4ED0-9AA0-F45577D32280}.AppStore|iPhone.Build.0 = Release|Any CPU
		{5363AC0B-4848-4ED0-9AA0-F45577D32280}.AppStore|iPhoneSimulator.ActiveCfg = Release|Any CPU
		{5363AC0B-4848-4ED0-9AA0-F45577D32280}.AppStore|iPhoneSimulator.Build.0 = Release|Any CPU
		{5363AC0B-4848-4ED0-9AA0-F45577D32280}.AppStore|x64.ActiveCfg = Release|Any CPU
		{5363AC0B-4848-4ED0-9AA0-F45577D32280}.AppStore|x64.Build.0 = Release|Any CPU
		{5363AC0B-4848-4ED0-9AA0-F45577D32280}.AppStore|x86.ActiveCfg = Release|Any CPU
		{5363AC0B-4848-4ED0-9AA0-F45577D32280}.AppStore|x86.Build.0 = Release|Any CPU
		{5363AC0B-4848-4ED0-9AA0-F45577D32280}.Debug|Any CPU.ActiveCfg = Debug|Any CPU
		{5363AC0B-4848-4ED0-9AA0-F45577D32280}.Debug|Any CPU.Build.0 = Debug|Any CPU
		{5363AC0B-4848-4ED0-9AA0-F45577D32280}.Debug|ARM.ActiveCfg = Debug|Any CPU
		{5363AC0B-4848-4ED0-9AA0-F45577D32280}.Debug|ARM.Build.0 = Debug|Any CPU
		{5363AC0B-4848-4ED0-9AA0-F45577D32280}.Debug|iPhone.ActiveCfg = Debug|Any CPU
		{5363AC0B-4848-4ED0-9AA0-F45577D32280}.Debug|iPhone.Build.0 = Debug|Any CPU
		{5363AC0B-4848-4ED0-9AA0-F45577D32280}.Debug|iPhoneSimulator.ActiveCfg = Debug|Any CPU
		{5363AC0B-4848-4ED0-9AA0-F45577D32280}.Debug|iPhoneSimulator.Build.0 = Debug|Any CPU
		{5363AC0B-4848-4ED0-9AA0-F45577D32280}.Debug|x64.ActiveCfg = Debug|Any CPU
		{5363AC0B-4848-4ED0-9AA0-F45577D32280}.Debug|x64.Build.0 = Debug|Any CPU
		{5363AC0B-4848-4ED0-9AA0-F45577D32280}.Debug|x86.ActiveCfg = Debug|Any CPU
		{5363AC0B-4848-4ED0-9AA0-F45577D32280}.Debug|x86.Build.0 = Debug|Any CPU
		{5363AC0B-4848-4ED0-9AA0-F45577D32280}.Release|Any CPU.ActiveCfg = Release|Any CPU
		{5363AC0B-4848-4ED0-9AA0-F45577D32280}.Release|Any CPU.Build.0 = Release|Any CPU
		{5363AC0B-4848-4ED0-9AA0-F45577D32280}.Release|ARM.ActiveCfg = Release|Any CPU
		{5363AC0B-4848-4ED0-9AA0-F45577D32280}.Release|ARM.Build.0 = Release|Any CPU
		{5363AC0B-4848-4ED0-9AA0-F45577D32280}.Release|iPhone.ActiveCfg = Release|Any CPU
		{5363AC0B-4848-4ED0-9AA0-F45577D32280}.Release|iPhone.Build.0 = Release|Any CPU
		{5363AC0B-4848-4ED0-9AA0-F45577D32280}.Release|iPhoneSimulator.ActiveCfg = Release|Any CPU
		{5363AC0B-4848-4ED0-9AA0-F45577D32280}.Release|iPhoneSimulator.Build.0 = Release|Any CPU
		{5363AC0B-4848-4ED0-9AA0-F45577D32280}.Release|x64.ActiveCfg = Release|Any CPU
		{5363AC0B-4848-4ED0-9AA0-F45577D32280}.Release|x64.Build.0 = Release|Any CPU
		{5363AC0B-4848-4ED0-9AA0-F45577D32280}.Release|x86.ActiveCfg = Release|Any CPU
		{5363AC0B-4848-4ED0-9AA0-F45577D32280}.Release|x86.Build.0 = Release|Any CPU
		{F94ADF3A-711B-4251-A24B-F77FF24B0010}.Ad-Hoc|Any CPU.ActiveCfg = Debug|Any CPU
		{F94ADF3A-711B-4251-A24B-F77FF24B0010}.Ad-Hoc|Any CPU.Build.0 = Debug|Any CPU
		{F94ADF3A-711B-4251-A24B-F77FF24B0010}.Ad-Hoc|ARM.ActiveCfg = Debug|Any CPU
		{F94ADF3A-711B-4251-A24B-F77FF24B0010}.Ad-Hoc|ARM.Build.0 = Debug|Any CPU
		{F94ADF3A-711B-4251-A24B-F77FF24B0010}.Ad-Hoc|iPhone.ActiveCfg = Debug|Any CPU
		{F94ADF3A-711B-4251-A24B-F77FF24B0010}.Ad-Hoc|iPhone.Build.0 = Debug|Any CPU
		{F94ADF3A-711B-4251-A24B-F77FF24B0010}.Ad-Hoc|iPhoneSimulator.ActiveCfg = Debug|Any CPU
		{F94ADF3A-711B-4251-A24B-F77FF24B0010}.Ad-Hoc|iPhoneSimulator.Build.0 = Debug|Any CPU
		{F94ADF3A-711B-4251-A24B-F77FF24B0010}.Ad-Hoc|x64.ActiveCfg = Debug|Any CPU
		{F94ADF3A-711B-4251-A24B-F77FF24B0010}.Ad-Hoc|x64.Build.0 = Debug|Any CPU
		{F94ADF3A-711B-4251-A24B-F77FF24B0010}.Ad-Hoc|x86.ActiveCfg = Debug|Any CPU
		{F94ADF3A-711B-4251-A24B-F77FF24B0010}.Ad-Hoc|x86.Build.0 = Debug|Any CPU
		{F94ADF3A-711B-4251-A24B-F77FF24B0010}.AppStore|Any CPU.ActiveCfg = Debug|Any CPU
		{F94ADF3A-711B-4251-A24B-F77FF24B0010}.AppStore|Any CPU.Build.0 = Debug|Any CPU
		{F94ADF3A-711B-4251-A24B-F77FF24B0010}.AppStore|ARM.ActiveCfg = Debug|Any CPU
		{F94ADF3A-711B-4251-A24B-F77FF24B0010}.AppStore|ARM.Build.0 = Debug|Any CPU
		{F94ADF3A-711B-4251-A24B-F77FF24B0010}.AppStore|iPhone.ActiveCfg = Debug|Any CPU
		{F94ADF3A-711B-4251-A24B-F77FF24B0010}.AppStore|iPhone.Build.0 = Debug|Any CPU
		{F94ADF3A-711B-4251-A24B-F77FF24B0010}.AppStore|iPhoneSimulator.ActiveCfg = Debug|Any CPU
		{F94ADF3A-711B-4251-A24B-F77FF24B0010}.AppStore|iPhoneSimulator.Build.0 = Debug|Any CPU
		{F94ADF3A-711B-4251-A24B-F77FF24B0010}.AppStore|x64.ActiveCfg = Debug|Any CPU
		{F94ADF3A-711B-4251-A24B-F77FF24B0010}.AppStore|x64.Build.0 = Debug|Any CPU
		{F94ADF3A-711B-4251-A24B-F77FF24B0010}.AppStore|x86.ActiveCfg = Debug|Any CPU
		{F94ADF3A-711B-4251-A24B-F77FF24B0010}.AppStore|x86.Build.0 = Debug|Any CPU
		{F94ADF3A-711B-4251-A24B-F77FF24B0010}.Debug|Any CPU.ActiveCfg = Debug|Any CPU
		{F94ADF3A-711B-4251-A24B-F77FF24B0010}.Debug|Any CPU.Build.0 = Debug|Any CPU
		{F94ADF3A-711B-4251-A24B-F77FF24B0010}.Debug|ARM.ActiveCfg = Debug|Any CPU
		{F94ADF3A-711B-4251-A24B-F77FF24B0010}.Debug|ARM.Build.0 = Debug|Any CPU
		{F94ADF3A-711B-4251-A24B-F77FF24B0010}.Debug|iPhone.ActiveCfg = Debug|Any CPU
		{F94ADF3A-711B-4251-A24B-F77FF24B0010}.Debug|iPhone.Build.0 = Debug|Any CPU
		{F94ADF3A-711B-4251-A24B-F77FF24B0010}.Debug|iPhoneSimulator.ActiveCfg = Debug|Any CPU
		{F94ADF3A-711B-4251-A24B-F77FF24B0010}.Debug|iPhoneSimulator.Build.0 = Debug|Any CPU
		{F94ADF3A-711B-4251-A24B-F77FF24B0010}.Debug|x64.ActiveCfg = Debug|Any CPU
		{F94ADF3A-711B-4251-A24B-F77FF24B0010}.Debug|x64.Build.0 = Debug|Any CPU
		{F94ADF3A-711B-4251-A24B-F77FF24B0010}.Debug|x86.ActiveCfg = Debug|Any CPU
		{F94ADF3A-711B-4251-A24B-F77FF24B0010}.Debug|x86.Build.0 = Debug|Any CPU
		{F94ADF3A-711B-4251-A24B-F77FF24B0010}.Release|Any CPU.ActiveCfg = Release|Any CPU
		{F94ADF3A-711B-4251-A24B-F77FF24B0010}.Release|Any CPU.Build.0 = Release|Any CPU
		{F94ADF3A-711B-4251-A24B-F77FF24B0010}.Release|ARM.ActiveCfg = Release|Any CPU
		{F94ADF3A-711B-4251-A24B-F77FF24B0010}.Release|ARM.Build.0 = Release|Any CPU
		{F94ADF3A-711B-4251-A24B-F77FF24B0010}.Release|iPhone.ActiveCfg = Release|Any CPU
		{F94ADF3A-711B-4251-A24B-F77FF24B0010}.Release|iPhone.Build.0 = Release|Any CPU
		{F94ADF3A-711B-4251-A24B-F77FF24B0010}.Release|iPhoneSimulator.ActiveCfg = Release|Any CPU
		{F94ADF3A-711B-4251-A24B-F77FF24B0010}.Release|iPhoneSimulator.Build.0 = Release|Any CPU
		{F94ADF3A-711B-4251-A24B-F77FF24B0010}.Release|x64.ActiveCfg = Release|Any CPU
		{F94ADF3A-711B-4251-A24B-F77FF24B0010}.Release|x64.Build.0 = Release|Any CPU
		{F94ADF3A-711B-4251-A24B-F77FF24B0010}.Release|x86.ActiveCfg = Release|Any CPU
		{F94ADF3A-711B-4251-A24B-F77FF24B0010}.Release|x86.Build.0 = Release|Any CPU
		{F994C9C1-5443-49AB-B6FE-8D5AD2DEC15A}.Ad-Hoc|Any CPU.ActiveCfg = Release|Any CPU
		{F994C9C1-5443-49AB-B6FE-8D5AD2DEC15A}.Ad-Hoc|Any CPU.Build.0 = Release|Any CPU
		{F994C9C1-5443-49AB-B6FE-8D5AD2DEC15A}.Ad-Hoc|Any CPU.Deploy.0 = Release|Any CPU
		{F994C9C1-5443-49AB-B6FE-8D5AD2DEC15A}.Ad-Hoc|ARM.ActiveCfg = Release|Any CPU
		{F994C9C1-5443-49AB-B6FE-8D5AD2DEC15A}.Ad-Hoc|ARM.Build.0 = Release|Any CPU
		{F994C9C1-5443-49AB-B6FE-8D5AD2DEC15A}.Ad-Hoc|ARM.Deploy.0 = Release|Any CPU
		{F994C9C1-5443-49AB-B6FE-8D5AD2DEC15A}.Ad-Hoc|iPhone.ActiveCfg = Release|Any CPU
		{F994C9C1-5443-49AB-B6FE-8D5AD2DEC15A}.Ad-Hoc|iPhone.Build.0 = Release|Any CPU
		{F994C9C1-5443-49AB-B6FE-8D5AD2DEC15A}.Ad-Hoc|iPhone.Deploy.0 = Release|Any CPU
		{F994C9C1-5443-49AB-B6FE-8D5AD2DEC15A}.Ad-Hoc|iPhoneSimulator.ActiveCfg = Release|Any CPU
		{F994C9C1-5443-49AB-B6FE-8D5AD2DEC15A}.Ad-Hoc|iPhoneSimulator.Build.0 = Release|Any CPU
		{F994C9C1-5443-49AB-B6FE-8D5AD2DEC15A}.Ad-Hoc|iPhoneSimulator.Deploy.0 = Release|Any CPU
		{F994C9C1-5443-49AB-B6FE-8D5AD2DEC15A}.Ad-Hoc|x64.ActiveCfg = Release|Any CPU
		{F994C9C1-5443-49AB-B6FE-8D5AD2DEC15A}.Ad-Hoc|x64.Build.0 = Release|Any CPU
		{F994C9C1-5443-49AB-B6FE-8D5AD2DEC15A}.Ad-Hoc|x64.Deploy.0 = Release|Any CPU
		{F994C9C1-5443-49AB-B6FE-8D5AD2DEC15A}.Ad-Hoc|x86.ActiveCfg = Release|Any CPU
		{F994C9C1-5443-49AB-B6FE-8D5AD2DEC15A}.Ad-Hoc|x86.Build.0 = Release|Any CPU
		{F994C9C1-5443-49AB-B6FE-8D5AD2DEC15A}.Ad-Hoc|x86.Deploy.0 = Release|Any CPU
		{F994C9C1-5443-49AB-B6FE-8D5AD2DEC15A}.AppStore|Any CPU.ActiveCfg = Release|Any CPU
		{F994C9C1-5443-49AB-B6FE-8D5AD2DEC15A}.AppStore|Any CPU.Build.0 = Release|Any CPU
		{F994C9C1-5443-49AB-B6FE-8D5AD2DEC15A}.AppStore|Any CPU.Deploy.0 = Release|Any CPU
		{F994C9C1-5443-49AB-B6FE-8D5AD2DEC15A}.AppStore|ARM.ActiveCfg = Release|Any CPU
		{F994C9C1-5443-49AB-B6FE-8D5AD2DEC15A}.AppStore|ARM.Build.0 = Release|Any CPU
		{F994C9C1-5443-49AB-B6FE-8D5AD2DEC15A}.AppStore|ARM.Deploy.0 = Release|Any CPU
		{F994C9C1-5443-49AB-B6FE-8D5AD2DEC15A}.AppStore|iPhone.ActiveCfg = Release|Any CPU
		{F994C9C1-5443-49AB-B6FE-8D5AD2DEC15A}.AppStore|iPhone.Build.0 = Release|Any CPU
		{F994C9C1-5443-49AB-B6FE-8D5AD2DEC15A}.AppStore|iPhone.Deploy.0 = Release|Any CPU
		{F994C9C1-5443-49AB-B6FE-8D5AD2DEC15A}.AppStore|iPhoneSimulator.ActiveCfg = Release|Any CPU
		{F994C9C1-5443-49AB-B6FE-8D5AD2DEC15A}.AppStore|iPhoneSimulator.Build.0 = Release|Any CPU
		{F994C9C1-5443-49AB-B6FE-8D5AD2DEC15A}.AppStore|iPhoneSimulator.Deploy.0 = Release|Any CPU
		{F994C9C1-5443-49AB-B6FE-8D5AD2DEC15A}.AppStore|x64.ActiveCfg = Release|Any CPU
		{F994C9C1-5443-49AB-B6FE-8D5AD2DEC15A}.AppStore|x64.Build.0 = Release|Any CPU
		{F994C9C1-5443-49AB-B6FE-8D5AD2DEC15A}.AppStore|x64.Deploy.0 = Release|Any CPU
		{F994C9C1-5443-49AB-B6FE-8D5AD2DEC15A}.AppStore|x86.ActiveCfg = Release|Any CPU
		{F994C9C1-5443-49AB-B6FE-8D5AD2DEC15A}.AppStore|x86.Build.0 = Release|Any CPU
		{F994C9C1-5443-49AB-B6FE-8D5AD2DEC15A}.AppStore|x86.Deploy.0 = Release|Any CPU
		{F994C9C1-5443-49AB-B6FE-8D5AD2DEC15A}.Debug|Any CPU.ActiveCfg = Debug|Any CPU
		{F994C9C1-5443-49AB-B6FE-8D5AD2DEC15A}.Debug|Any CPU.Build.0 = Debug|Any CPU
		{F994C9C1-5443-49AB-B6FE-8D5AD2DEC15A}.Debug|Any CPU.Deploy.0 = Debug|Any CPU
		{F994C9C1-5443-49AB-B6FE-8D5AD2DEC15A}.Debug|ARM.ActiveCfg = Debug|Any CPU
		{F994C9C1-5443-49AB-B6FE-8D5AD2DEC15A}.Debug|ARM.Build.0 = Debug|Any CPU
		{F994C9C1-5443-49AB-B6FE-8D5AD2DEC15A}.Debug|ARM.Deploy.0 = Debug|Any CPU
		{F994C9C1-5443-49AB-B6FE-8D5AD2DEC15A}.Debug|iPhone.ActiveCfg = Debug|Any CPU
		{F994C9C1-5443-49AB-B6FE-8D5AD2DEC15A}.Debug|iPhone.Build.0 = Debug|Any CPU
		{F994C9C1-5443-49AB-B6FE-8D5AD2DEC15A}.Debug|iPhone.Deploy.0 = Debug|Any CPU
		{F994C9C1-5443-49AB-B6FE-8D5AD2DEC15A}.Debug|iPhoneSimulator.ActiveCfg = Debug|Any CPU
		{F994C9C1-5443-49AB-B6FE-8D5AD2DEC15A}.Debug|iPhoneSimulator.Build.0 = Debug|Any CPU
		{F994C9C1-5443-49AB-B6FE-8D5AD2DEC15A}.Debug|iPhoneSimulator.Deploy.0 = Debug|Any CPU
		{F994C9C1-5443-49AB-B6FE-8D5AD2DEC15A}.Debug|x64.ActiveCfg = Debug|Any CPU
		{F994C9C1-5443-49AB-B6FE-8D5AD2DEC15A}.Debug|x64.Build.0 = Debug|Any CPU
		{F994C9C1-5443-49AB-B6FE-8D5AD2DEC15A}.Debug|x64.Deploy.0 = Debug|Any CPU
		{F994C9C1-5443-49AB-B6FE-8D5AD2DEC15A}.Debug|x86.ActiveCfg = Debug|Any CPU
		{F994C9C1-5443-49AB-B6FE-8D5AD2DEC15A}.Debug|x86.Build.0 = Debug|Any CPU
		{F994C9C1-5443-49AB-B6FE-8D5AD2DEC15A}.Debug|x86.Deploy.0 = Debug|Any CPU
		{F994C9C1-5443-49AB-B6FE-8D5AD2DEC15A}.Release|Any CPU.ActiveCfg = Release|Any CPU
		{F994C9C1-5443-49AB-B6FE-8D5AD2DEC15A}.Release|Any CPU.Build.0 = Release|Any CPU
		{F994C9C1-5443-49AB-B6FE-8D5AD2DEC15A}.Release|Any CPU.Deploy.0 = Release|Any CPU
		{F994C9C1-5443-49AB-B6FE-8D5AD2DEC15A}.Release|ARM.ActiveCfg = Release|Any CPU
		{F994C9C1-5443-49AB-B6FE-8D5AD2DEC15A}.Release|ARM.Build.0 = Release|Any CPU
		{F994C9C1-5443-49AB-B6FE-8D5AD2DEC15A}.Release|ARM.Deploy.0 = Release|Any CPU
		{F994C9C1-5443-49AB-B6FE-8D5AD2DEC15A}.Release|iPhone.ActiveCfg = Release|Any CPU
		{F994C9C1-5443-49AB-B6FE-8D5AD2DEC15A}.Release|iPhone.Build.0 = Release|Any CPU
		{F994C9C1-5443-49AB-B6FE-8D5AD2DEC15A}.Release|iPhone.Deploy.0 = Release|Any CPU
		{F994C9C1-5443-49AB-B6FE-8D5AD2DEC15A}.Release|iPhoneSimulator.ActiveCfg = Release|Any CPU
		{F994C9C1-5443-49AB-B6FE-8D5AD2DEC15A}.Release|iPhoneSimulator.Build.0 = Release|Any CPU
		{F994C9C1-5443-49AB-B6FE-8D5AD2DEC15A}.Release|iPhoneSimulator.Deploy.0 = Release|Any CPU
		{F994C9C1-5443-49AB-B6FE-8D5AD2DEC15A}.Release|x64.ActiveCfg = Release|Any CPU
		{F994C9C1-5443-49AB-B6FE-8D5AD2DEC15A}.Release|x64.Build.0 = Release|Any CPU
		{F994C9C1-5443-49AB-B6FE-8D5AD2DEC15A}.Release|x64.Deploy.0 = Release|Any CPU
		{F994C9C1-5443-49AB-B6FE-8D5AD2DEC15A}.Release|x86.ActiveCfg = Release|Any CPU
		{F994C9C1-5443-49AB-B6FE-8D5AD2DEC15A}.Release|x86.Build.0 = Release|Any CPU
		{F994C9C1-5443-49AB-B6FE-8D5AD2DEC15A}.Release|x86.Deploy.0 = Release|Any CPU
		{29441811-1CBC-4597-9520-C0A8F3C3C2D6}.Ad-Hoc|Any CPU.ActiveCfg = Ad-Hoc|iPhone
		{29441811-1CBC-4597-9520-C0A8F3C3C2D6}.Ad-Hoc|ARM.ActiveCfg = Ad-Hoc|iPhone
		{29441811-1CBC-4597-9520-C0A8F3C3C2D6}.Ad-Hoc|iPhone.ActiveCfg = Ad-Hoc|iPhone
		{29441811-1CBC-4597-9520-C0A8F3C3C2D6}.Ad-Hoc|iPhone.Build.0 = Ad-Hoc|iPhone
		{29441811-1CBC-4597-9520-C0A8F3C3C2D6}.Ad-Hoc|iPhoneSimulator.ActiveCfg = Ad-Hoc|iPhoneSimulator
		{29441811-1CBC-4597-9520-C0A8F3C3C2D6}.Ad-Hoc|iPhoneSimulator.Build.0 = Ad-Hoc|iPhoneSimulator
		{29441811-1CBC-4597-9520-C0A8F3C3C2D6}.Ad-Hoc|x64.ActiveCfg = Ad-Hoc|iPhone
		{29441811-1CBC-4597-9520-C0A8F3C3C2D6}.Ad-Hoc|x86.ActiveCfg = Ad-Hoc|iPhone
		{29441811-1CBC-4597-9520-C0A8F3C3C2D6}.AppStore|Any CPU.ActiveCfg = AppStore|iPhone
		{29441811-1CBC-4597-9520-C0A8F3C3C2D6}.AppStore|ARM.ActiveCfg = AppStore|iPhone
		{29441811-1CBC-4597-9520-C0A8F3C3C2D6}.AppStore|iPhone.ActiveCfg = AppStore|iPhone
		{29441811-1CBC-4597-9520-C0A8F3C3C2D6}.AppStore|iPhone.Build.0 = AppStore|iPhone
		{29441811-1CBC-4597-9520-C0A8F3C3C2D6}.AppStore|iPhoneSimulator.ActiveCfg = AppStore|iPhoneSimulator
		{29441811-1CBC-4597-9520-C0A8F3C3C2D6}.AppStore|iPhoneSimulator.Build.0 = AppStore|iPhoneSimulator
		{29441811-1CBC-4597-9520-C0A8F3C3C2D6}.AppStore|x64.ActiveCfg = AppStore|iPhone
		{29441811-1CBC-4597-9520-C0A8F3C3C2D6}.AppStore|x86.ActiveCfg = AppStore|iPhone
		{29441811-1CBC-4597-9520-C0A8F3C3C2D6}.Debug|Any CPU.ActiveCfg = Debug|iPhone
		{29441811-1CBC-4597-9520-C0A8F3C3C2D6}.Debug|ARM.ActiveCfg = Debug|iPhone
		{29441811-1CBC-4597-9520-C0A8F3C3C2D6}.Debug|iPhone.ActiveCfg = Debug|iPhone
		{29441811-1CBC-4597-9520-C0A8F3C3C2D6}.Debug|iPhone.Build.0 = Debug|iPhone
		{29441811-1CBC-4597-9520-C0A8F3C3C2D6}.Debug|iPhoneSimulator.ActiveCfg = Debug|iPhoneSimulator
		{29441811-1CBC-4597-9520-C0A8F3C3C2D6}.Debug|iPhoneSimulator.Build.0 = Debug|iPhoneSimulator
		{29441811-1CBC-4597-9520-C0A8F3C3C2D6}.Debug|x64.ActiveCfg = Debug|iPhone
		{29441811-1CBC-4597-9520-C0A8F3C3C2D6}.Debug|x86.ActiveCfg = Debug|iPhone
		{29441811-1CBC-4597-9520-C0A8F3C3C2D6}.Release|Any CPU.ActiveCfg = Release|iPhone
		{29441811-1CBC-4597-9520-C0A8F3C3C2D6}.Release|ARM.ActiveCfg = Release|iPhone
		{29441811-1CBC-4597-9520-C0A8F3C3C2D6}.Release|iPhone.ActiveCfg = Release|iPhone
		{29441811-1CBC-4597-9520-C0A8F3C3C2D6}.Release|iPhone.Build.0 = Release|iPhone
		{29441811-1CBC-4597-9520-C0A8F3C3C2D6}.Release|iPhoneSimulator.ActiveCfg = Release|iPhoneSimulator
		{29441811-1CBC-4597-9520-C0A8F3C3C2D6}.Release|iPhoneSimulator.Build.0 = Release|iPhoneSimulator
		{29441811-1CBC-4597-9520-C0A8F3C3C2D6}.Release|x64.ActiveCfg = Release|iPhone
		{29441811-1CBC-4597-9520-C0A8F3C3C2D6}.Release|x86.ActiveCfg = Release|iPhone
		{D2CED8F0-7A76-454D-B5F7-9E8B9FE6A58E}.Ad-Hoc|Any CPU.ActiveCfg = Ad-Hoc|iPhone
		{D2CED8F0-7A76-454D-B5F7-9E8B9FE6A58E}.Ad-Hoc|ARM.ActiveCfg = Ad-Hoc|iPhone
		{D2CED8F0-7A76-454D-B5F7-9E8B9FE6A58E}.Ad-Hoc|iPhone.ActiveCfg = Ad-Hoc|iPhone
		{D2CED8F0-7A76-454D-B5F7-9E8B9FE6A58E}.Ad-Hoc|iPhone.Build.0 = Ad-Hoc|iPhone
		{D2CED8F0-7A76-454D-B5F7-9E8B9FE6A58E}.Ad-Hoc|iPhoneSimulator.ActiveCfg = Ad-Hoc|iPhoneSimulator
		{D2CED8F0-7A76-454D-B5F7-9E8B9FE6A58E}.Ad-Hoc|iPhoneSimulator.Build.0 = Ad-Hoc|iPhoneSimulator
		{D2CED8F0-7A76-454D-B5F7-9E8B9FE6A58E}.Ad-Hoc|x64.ActiveCfg = Ad-Hoc|iPhone
		{D2CED8F0-7A76-454D-B5F7-9E8B9FE6A58E}.Ad-Hoc|x86.ActiveCfg = Ad-Hoc|iPhone
		{D2CED8F0-7A76-454D-B5F7-9E8B9FE6A58E}.AppStore|Any CPU.ActiveCfg = AppStore|iPhone
		{D2CED8F0-7A76-454D-B5F7-9E8B9FE6A58E}.AppStore|ARM.ActiveCfg = AppStore|iPhone
		{D2CED8F0-7A76-454D-B5F7-9E8B9FE6A58E}.AppStore|iPhone.ActiveCfg = AppStore|iPhone
		{D2CED8F0-7A76-454D-B5F7-9E8B9FE6A58E}.AppStore|iPhone.Build.0 = AppStore|iPhone
		{D2CED8F0-7A76-454D-B5F7-9E8B9FE6A58E}.AppStore|iPhoneSimulator.ActiveCfg = AppStore|iPhoneSimulator
		{D2CED8F0-7A76-454D-B5F7-9E8B9FE6A58E}.AppStore|iPhoneSimulator.Build.0 = AppStore|iPhoneSimulator
		{D2CED8F0-7A76-454D-B5F7-9E8B9FE6A58E}.AppStore|x64.ActiveCfg = AppStore|iPhone
		{D2CED8F0-7A76-454D-B5F7-9E8B9FE6A58E}.AppStore|x86.ActiveCfg = AppStore|iPhone
		{D2CED8F0-7A76-454D-B5F7-9E8B9FE6A58E}.Debug|Any CPU.ActiveCfg = Debug|iPhone
		{D2CED8F0-7A76-454D-B5F7-9E8B9FE6A58E}.Debug|ARM.ActiveCfg = Debug|iPhone
		{D2CED8F0-7A76-454D-B5F7-9E8B9FE6A58E}.Debug|iPhone.ActiveCfg = Debug|iPhone
		{D2CED8F0-7A76-454D-B5F7-9E8B9FE6A58E}.Debug|iPhone.Build.0 = Debug|iPhone
		{D2CED8F0-7A76-454D-B5F7-9E8B9FE6A58E}.Debug|iPhoneSimulator.ActiveCfg = Debug|iPhoneSimulator
		{D2CED8F0-7A76-454D-B5F7-9E8B9FE6A58E}.Debug|iPhoneSimulator.Build.0 = Debug|iPhoneSimulator
		{D2CED8F0-7A76-454D-B5F7-9E8B9FE6A58E}.Debug|x64.ActiveCfg = Debug|iPhone
		{D2CED8F0-7A76-454D-B5F7-9E8B9FE6A58E}.Debug|x86.ActiveCfg = Debug|iPhone
		{D2CED8F0-7A76-454D-B5F7-9E8B9FE6A58E}.Release|Any CPU.ActiveCfg = Release|iPhone
		{D2CED8F0-7A76-454D-B5F7-9E8B9FE6A58E}.Release|ARM.ActiveCfg = Release|iPhone
		{D2CED8F0-7A76-454D-B5F7-9E8B9FE6A58E}.Release|iPhone.ActiveCfg = Release|iPhone
		{D2CED8F0-7A76-454D-B5F7-9E8B9FE6A58E}.Release|iPhone.Build.0 = Release|iPhone
		{D2CED8F0-7A76-454D-B5F7-9E8B9FE6A58E}.Release|iPhoneSimulator.ActiveCfg = Release|iPhoneSimulator
		{D2CED8F0-7A76-454D-B5F7-9E8B9FE6A58E}.Release|iPhoneSimulator.Build.0 = Release|iPhoneSimulator
		{D2CED8F0-7A76-454D-B5F7-9E8B9FE6A58E}.Release|x64.ActiveCfg = Release|iPhone
		{D2CED8F0-7A76-454D-B5F7-9E8B9FE6A58E}.Release|x86.ActiveCfg = Release|iPhone
		{AD7B78B0-AE51-4FB7-9B11-4E22A2B538CA}.Ad-Hoc|Any CPU.ActiveCfg = Release|Any CPU
		{AD7B78B0-AE51-4FB7-9B11-4E22A2B538CA}.Ad-Hoc|Any CPU.Build.0 = Release|Any CPU
		{AD7B78B0-AE51-4FB7-9B11-4E22A2B538CA}.Ad-Hoc|Any CPU.Deploy.0 = Release|Any CPU
		{AD7B78B0-AE51-4FB7-9B11-4E22A2B538CA}.Ad-Hoc|ARM.ActiveCfg = Release|Any CPU
		{AD7B78B0-AE51-4FB7-9B11-4E22A2B538CA}.Ad-Hoc|ARM.Build.0 = Release|Any CPU
		{AD7B78B0-AE51-4FB7-9B11-4E22A2B538CA}.Ad-Hoc|ARM.Deploy.0 = Release|Any CPU
		{AD7B78B0-AE51-4FB7-9B11-4E22A2B538CA}.Ad-Hoc|iPhone.ActiveCfg = Release|Any CPU
		{AD7B78B0-AE51-4FB7-9B11-4E22A2B538CA}.Ad-Hoc|iPhone.Build.0 = Release|Any CPU
		{AD7B78B0-AE51-4FB7-9B11-4E22A2B538CA}.Ad-Hoc|iPhone.Deploy.0 = Release|Any CPU
		{AD7B78B0-AE51-4FB7-9B11-4E22A2B538CA}.Ad-Hoc|iPhoneSimulator.ActiveCfg = Release|Any CPU
		{AD7B78B0-AE51-4FB7-9B11-4E22A2B538CA}.Ad-Hoc|iPhoneSimulator.Build.0 = Release|Any CPU
		{AD7B78B0-AE51-4FB7-9B11-4E22A2B538CA}.Ad-Hoc|iPhoneSimulator.Deploy.0 = Release|Any CPU
		{AD7B78B0-AE51-4FB7-9B11-4E22A2B538CA}.Ad-Hoc|x64.ActiveCfg = Release|Any CPU
		{AD7B78B0-AE51-4FB7-9B11-4E22A2B538CA}.Ad-Hoc|x64.Build.0 = Release|Any CPU
		{AD7B78B0-AE51-4FB7-9B11-4E22A2B538CA}.Ad-Hoc|x64.Deploy.0 = Release|Any CPU
		{AD7B78B0-AE51-4FB7-9B11-4E22A2B538CA}.Ad-Hoc|x86.ActiveCfg = Release|Any CPU
		{AD7B78B0-AE51-4FB7-9B11-4E22A2B538CA}.Ad-Hoc|x86.Build.0 = Release|Any CPU
		{AD7B78B0-AE51-4FB7-9B11-4E22A2B538CA}.Ad-Hoc|x86.Deploy.0 = Release|Any CPU
		{AD7B78B0-AE51-4FB7-9B11-4E22A2B538CA}.AppStore|Any CPU.ActiveCfg = Release|Any CPU
		{AD7B78B0-AE51-4FB7-9B11-4E22A2B538CA}.AppStore|Any CPU.Build.0 = Release|Any CPU
		{AD7B78B0-AE51-4FB7-9B11-4E22A2B538CA}.AppStore|Any CPU.Deploy.0 = Release|Any CPU
		{AD7B78B0-AE51-4FB7-9B11-4E22A2B538CA}.AppStore|ARM.ActiveCfg = Release|Any CPU
		{AD7B78B0-AE51-4FB7-9B11-4E22A2B538CA}.AppStore|ARM.Build.0 = Release|Any CPU
		{AD7B78B0-AE51-4FB7-9B11-4E22A2B538CA}.AppStore|ARM.Deploy.0 = Release|Any CPU
		{AD7B78B0-AE51-4FB7-9B11-4E22A2B538CA}.AppStore|iPhone.ActiveCfg = Release|Any CPU
		{AD7B78B0-AE51-4FB7-9B11-4E22A2B538CA}.AppStore|iPhone.Build.0 = Release|Any CPU
		{AD7B78B0-AE51-4FB7-9B11-4E22A2B538CA}.AppStore|iPhone.Deploy.0 = Release|Any CPU
		{AD7B78B0-AE51-4FB7-9B11-4E22A2B538CA}.AppStore|iPhoneSimulator.ActiveCfg = Release|Any CPU
		{AD7B78B0-AE51-4FB7-9B11-4E22A2B538CA}.AppStore|iPhoneSimulator.Build.0 = Release|Any CPU
		{AD7B78B0-AE51-4FB7-9B11-4E22A2B538CA}.AppStore|iPhoneSimulator.Deploy.0 = Release|Any CPU
		{AD7B78B0-AE51-4FB7-9B11-4E22A2B538CA}.AppStore|x64.ActiveCfg = Release|Any CPU
		{AD7B78B0-AE51-4FB7-9B11-4E22A2B538CA}.AppStore|x64.Build.0 = Release|Any CPU
		{AD7B78B0-AE51-4FB7-9B11-4E22A2B538CA}.AppStore|x64.Deploy.0 = Release|Any CPU
		{AD7B78B0-AE51-4FB7-9B11-4E22A2B538CA}.AppStore|x86.ActiveCfg = Release|Any CPU
		{AD7B78B0-AE51-4FB7-9B11-4E22A2B538CA}.AppStore|x86.Build.0 = Release|Any CPU
		{AD7B78B0-AE51-4FB7-9B11-4E22A2B538CA}.AppStore|x86.Deploy.0 = Release|Any CPU
		{AD7B78B0-AE51-4FB7-9B11-4E22A2B538CA}.Debug|Any CPU.ActiveCfg = Debug|Any CPU
		{AD7B78B0-AE51-4FB7-9B11-4E22A2B538CA}.Debug|Any CPU.Build.0 = Debug|Any CPU
		{AD7B78B0-AE51-4FB7-9B11-4E22A2B538CA}.Debug|Any CPU.Deploy.0 = Debug|Any CPU
		{AD7B78B0-AE51-4FB7-9B11-4E22A2B538CA}.Debug|ARM.ActiveCfg = Debug|Any CPU
		{AD7B78B0-AE51-4FB7-9B11-4E22A2B538CA}.Debug|ARM.Build.0 = Debug|Any CPU
		{AD7B78B0-AE51-4FB7-9B11-4E22A2B538CA}.Debug|ARM.Deploy.0 = Debug|Any CPU
		{AD7B78B0-AE51-4FB7-9B11-4E22A2B538CA}.Debug|iPhone.ActiveCfg = Debug|Any CPU
		{AD7B78B0-AE51-4FB7-9B11-4E22A2B538CA}.Debug|iPhone.Build.0 = Debug|Any CPU
		{AD7B78B0-AE51-4FB7-9B11-4E22A2B538CA}.Debug|iPhone.Deploy.0 = Debug|Any CPU
		{AD7B78B0-AE51-4FB7-9B11-4E22A2B538CA}.Debug|iPhoneSimulator.ActiveCfg = Debug|Any CPU
		{AD7B78B0-AE51-4FB7-9B11-4E22A2B538CA}.Debug|iPhoneSimulator.Build.0 = Debug|Any CPU
		{AD7B78B0-AE51-4FB7-9B11-4E22A2B538CA}.Debug|iPhoneSimulator.Deploy.0 = Debug|Any CPU
		{AD7B78B0-AE51-4FB7-9B11-4E22A2B538CA}.Debug|x64.ActiveCfg = Debug|Any CPU
		{AD7B78B0-AE51-4FB7-9B11-4E22A2B538CA}.Debug|x64.Build.0 = Debug|Any CPU
		{AD7B78B0-AE51-4FB7-9B11-4E22A2B538CA}.Debug|x64.Deploy.0 = Debug|Any CPU
		{AD7B78B0-AE51-4FB7-9B11-4E22A2B538CA}.Debug|x86.ActiveCfg = Debug|Any CPU
		{AD7B78B0-AE51-4FB7-9B11-4E22A2B538CA}.Debug|x86.Build.0 = Debug|Any CPU
		{AD7B78B0-AE51-4FB7-9B11-4E22A2B538CA}.Debug|x86.Deploy.0 = Debug|Any CPU
		{AD7B78B0-AE51-4FB7-9B11-4E22A2B538CA}.Release|Any CPU.ActiveCfg = Release|Any CPU
		{AD7B78B0-AE51-4FB7-9B11-4E22A2B538CA}.Release|Any CPU.Build.0 = Release|Any CPU
		{AD7B78B0-AE51-4FB7-9B11-4E22A2B538CA}.Release|Any CPU.Deploy.0 = Release|Any CPU
		{AD7B78B0-AE51-4FB7-9B11-4E22A2B538CA}.Release|ARM.ActiveCfg = Release|Any CPU
		{AD7B78B0-AE51-4FB7-9B11-4E22A2B538CA}.Release|ARM.Build.0 = Release|Any CPU
		{AD7B78B0-AE51-4FB7-9B11-4E22A2B538CA}.Release|ARM.Deploy.0 = Release|Any CPU
		{AD7B78B0-AE51-4FB7-9B11-4E22A2B538CA}.Release|iPhone.ActiveCfg = Release|Any CPU
		{AD7B78B0-AE51-4FB7-9B11-4E22A2B538CA}.Release|iPhone.Build.0 = Release|Any CPU
		{AD7B78B0-AE51-4FB7-9B11-4E22A2B538CA}.Release|iPhone.Deploy.0 = Release|Any CPU
		{AD7B78B0-AE51-4FB7-9B11-4E22A2B538CA}.Release|iPhoneSimulator.ActiveCfg = Release|Any CPU
		{AD7B78B0-AE51-4FB7-9B11-4E22A2B538CA}.Release|iPhoneSimulator.Build.0 = Release|Any CPU
		{AD7B78B0-AE51-4FB7-9B11-4E22A2B538CA}.Release|iPhoneSimulator.Deploy.0 = Release|Any CPU
		{AD7B78B0-AE51-4FB7-9B11-4E22A2B538CA}.Release|x64.ActiveCfg = Release|Any CPU
		{AD7B78B0-AE51-4FB7-9B11-4E22A2B538CA}.Release|x64.Build.0 = Release|Any CPU
		{AD7B78B0-AE51-4FB7-9B11-4E22A2B538CA}.Release|x64.Deploy.0 = Release|Any CPU
		{AD7B78B0-AE51-4FB7-9B11-4E22A2B538CA}.Release|x86.ActiveCfg = Release|Any CPU
		{AD7B78B0-AE51-4FB7-9B11-4E22A2B538CA}.Release|x86.Build.0 = Release|Any CPU
		{AD7B78B0-AE51-4FB7-9B11-4E22A2B538CA}.Release|x86.Deploy.0 = Release|Any CPU
	EndGlobalSection
	GlobalSection(SolutionProperties) = preSolution
		HideSolutionNode = FALSE
	EndGlobalSection
	GlobalSection(ExtensibilityGlobals) = postSolution
		SolutionGuid = {85B07EDB-DB1D-4046-A182-AB865E2E8806}
	EndGlobalSection
EndGlobal
